
Microsoft Visual Studio Solution File, Format Version 12.00
# Visual Studio 2012
Project("{FAE04EC0-301F-11D3-BF4B-00C04F79EFBC}") = "Entidades", "Entidades\Entidades.csproj", "{D34BA603-D216-4092-8E11-CCE4AF88777F}"
EndProject
Project("{FAE04EC0-301F-11D3-BF4B-00C04F79EFBC}") = "Modelo.SegundoParcial.LabIII", "Modelo.SegundoParcial.LabIII\Modelo.SegundoParcial.LabIII.csproj", "{D98642C7-DB4B-4071-AAC7-6F027F02B093}"
EndProject
Global
	GlobalSection(SolutionConfigurationPlatforms) = preSolution
		Debug|Any CPU = Debug|Any CPU
		Release|Any CPU = Release|Any CPU
	EndGlobalSection
	GlobalSection(ProjectConfigurationPlatforms) = postSolution
		{D34BA603-D216-4092-8E11-CCE4AF88777F}.Debug|Any CPU.ActiveCfg = Debug|Any CPU
		{D34BA603-D216-4092-8E11-CCE4AF88777F}.Debug|Any CPU.Build.0 = Debug|Any CPU
		{D34BA603-D216-4092-8E11-CCE4AF88777F}.Release|Any CPU.ActiveCfg = Release|Any CPU
		{D34BA603-D216-4092-8E11-CCE4AF88777F}.Release|Any CPU.Build.0 = Release|Any CPU
		{D98642C7-DB4B-4071-AAC7-6F027F02B093}.Debug|Any CPU.ActiveCfg = Debug|Any CPU
		{D98642C7-DB4B-4071-AAC7-6F027F02B093}.Debug|Any CPU.Build.0 = Debug|Any CPU
		{D98642C7-DB4B-4071-AAC7-6F027F02B093}.Release|Any CPU.ActiveCfg = Release|Any CPU
		{D98642C7-DB4B-4071-AAC7-6F027F02B093}.Release|Any CPU.Build.0 = Release|Any CPU
	EndGlobalSection
	GlobalSection(SolutionProperties) = preSolution
		HideSolutionNode = FALSE
	EndGlobalSection
EndGlobal
