
Microsoft Visual Studio Solution File, Format Version 12.00
# Visual Studio 2012
Project("{FAE04EC0-301F-11D3-BF4B-00C04F79EFBC}") = "CajeroAutomatico", "CajeroAutomatico\CajeroAutomatico.csproj", "{93D8CBD2-4544-4AE3-B225-F69C72C15EBD}"
EndProject
Project("{FAE04EC0-301F-11D3-BF4B-00C04F79EFBC}") = "Calculadora", "Calculadora\Calculadora.csproj", "{4BDAA1CA-9D19-4216-BBF1-10F6CBC5ACC3}"
EndProject
Global
	GlobalSection(SolutionConfigurationPlatforms) = preSolution
		Debug|Any CPU = Debug|Any CPU
		Release|Any CPU = Release|Any CPU
	EndGlobalSection
	GlobalSection(ProjectConfigurationPlatforms) = postSolution
		{93D8CBD2-4544-4AE3-B225-F69C72C15EBD}.Debug|Any CPU.ActiveCfg = Debug|Any CPU
		{93D8CBD2-4544-4AE3-B225-F69C72C15EBD}.Debug|Any CPU.Build.0 = Debug|Any CPU
		{93D8CBD2-4544-4AE3-B225-F69C72C15EBD}.Release|Any CPU.ActiveCfg = Release|Any CPU
		{93D8CBD2-4544-4AE3-B225-F69C72C15EBD}.Release|Any CPU.Build.0 = Release|Any CPU
		{4BDAA1CA-9D19-4216-BBF1-10F6CBC5ACC3}.Debug|Any CPU.ActiveCfg = Debug|Any CPU
		{4BDAA1CA-9D19-4216-BBF1-10F6CBC5ACC3}.Debug|Any CPU.Build.0 = Debug|Any CPU
		{4BDAA1CA-9D19-4216-BBF1-10F6CBC5ACC3}.Release|Any CPU.ActiveCfg = Release|Any CPU
		{4BDAA1CA-9D19-4216-BBF1-10F6CBC5ACC3}.Release|Any CPU.Build.0 = Release|Any CPU
	EndGlobalSection
	GlobalSection(SolutionProperties) = preSolution
		HideSolutionNode = FALSE
	EndGlobalSection
EndGlobal
