
Microsoft Visual Studio Solution File, Format Version 12.00
# Visual Studio 2012
Project("{FAE04EC0-301F-11D3-BF4B-00C04F79EFBC}") = "R2L3", "R2L3\R2L3.csproj", "{AB71FDC3-9761-4D74-9629-2C25F641EE38}"
EndProject
Global
	GlobalSection(SolutionConfigurationPlatforms) = preSolution
		Debug|Any CPU = Debug|Any CPU
		Release|Any CPU = Release|Any CPU
	EndGlobalSection
	GlobalSection(ProjectConfigurationPlatforms) = postSolution
		{AB71FDC3-9761-4D74-9629-2C25F641EE38}.Debug|Any CPU.ActiveCfg = Debug|Any CPU
		{AB71FDC3-9761-4D74-9629-2C25F641EE38}.Debug|Any CPU.Build.0 = Debug|Any CPU
		{AB71FDC3-9761-4D74-9629-2C25F641EE38}.Release|Any CPU.ActiveCfg = Release|Any CPU
		{AB71FDC3-9761-4D74-9629-2C25F641EE38}.Release|Any CPU.Build.0 = Release|Any CPU
	EndGlobalSection
	GlobalSection(SolutionProperties) = preSolution
		HideSolutionNode = FALSE
	EndGlobalSection
EndGlobal
